// !$*UTF8*$!
{
	archiveVersion = 1;
	classes = {
	};
	objectVersion = 50;
	objects = {

/* Begin PBXBuildFile section */
		A9672A2F20FE89F300997DA1 /* AppDelegate.swift in Sources */ = {isa = PBXBuildFile; fileRef = A9672A2E20FE89F300997DA1 /* AppDelegate.swift */; };
		A9672A3120FE89F300997DA1 /* ViewController.swift in Sources */ = {isa = PBXBuildFile; fileRef = A9672A3020FE89F300997DA1 /* ViewController.swift */; };
		A9672A3420FE89F300997DA1 /* Main.storyboard in Resources */ = {isa = PBXBuildFile; fileRef = A9672A3220FE89F300997DA1 /* Main.storyboard */; };
		A9672A3720FE89F300997DA1 /* _0180717_SD_NYCSchools.xcdatamodeld in Sources */ = {isa = PBXBuildFile; fileRef = A9672A3520FE89F300997DA1 /* _0180717_SD_NYCSchools.xcdatamodeld */; };
		A9672A3920FE89F400997DA1 /* Assets.xcassets in Resources */ = {isa = PBXBuildFile; fileRef = A9672A3820FE89F400997DA1 /* Assets.xcassets */; };
		A9672A3C20FE89F400997DA1 /* LaunchScreen.storyboard in Resources */ = {isa = PBXBuildFile; fileRef = A9672A3A20FE89F400997DA1 /* LaunchScreen.storyboard */; };
		A9672A4720FE89F400997DA1 /* _0180717_SD_NYCSchoolsTests.swift in Sources */ = {isa = PBXBuildFile; fileRef = A9672A4620FE89F400997DA1 /* _0180717_SD_NYCSchoolsTests.swift */; };
		A9672A5220FE89F400997DA1 /* _0180717_SD_NYCSchoolsUITests.swift in Sources */ = {isa = PBXBuildFile; fileRef = A9672A5120FE89F400997DA1 /* _0180717_SD_NYCSchoolsUITests.swift */; };
/* End PBXBuildFile section */

/* Begin PBXContainerItemProxy section */
		A9672A4320FE89F400997DA1 /* PBXContainerItemProxy */ = {
			isa = PBXContainerItemProxy;
			containerPortal = A9672A2320FE89F200997DA1 /* Project object */;
			proxyType = 1;
			remoteGlobalIDString = A9672A2A20FE89F200997DA1;
			remoteInfo = "20180717-SD-NYCSchools";
		};
		A9672A4E20FE89F400997DA1 /* PBXContainerItemProxy */ = {
			isa = PBXContainerItemProxy;
			containerPortal = A9672A2320FE89F200997DA1 /* Project object */;
			proxyType = 1;
			remoteGlobalIDString = A9672A2A20FE89F200997DA1;
			remoteInfo = "20180717-SD-NYCSchools";
		};
/* End PBXContainerItemProxy section */

/* Begin PBXFileReference section */
		A9672A2B20FE89F200997DA1 /* 20180717-SD-NYCSchools.app */ = {isa = PBXFileReference; explicitFileType = wrapper.application; includeInIndex = 0; path = "20180717-SD-NYCSchools.app"; sourceTree = BUILT_PRODUCTS_DIR; };
		A9672A2E20FE89F300997DA1 /* AppDelegate.swift */ = {isa = PBXFileReference; lastKnownFileType = sourcecode.swift; path = AppDelegate.swift; sourceTree = "<group>"; };
		A9672A3020FE89F300997DA1 /* ViewController.swift */ = {isa = PBXFileReference; lastKnownFileType = sourcecode.swift; path = ViewController.swift; sourceTree = "<group>"; };
		A9672A3320FE89F300997DA1 /* Base */ = {isa = PBXFileReference; lastKnownFileType = file.storyboard; name = Base; path = Base.lproj/Main.storyboard; sourceTree = "<group>"; };
		A9672A3620FE89F300997DA1 /* _0180717_SD_NYCSchools.xcdatamodel */ = {isa = PBXFileReference; lastKnownFileType = wrapper.xcdatamodel; path = _0180717_SD_NYCSchools.xcdatamodel; sourceTree = "<group>"; };
		A9672A3820FE89F400997DA1 /* Assets.xcassets */ = {isa = PBXFileReference; lastKnownFileType = folder.assetcatalog; path = Assets.xcassets; sourceTree = "<group>"; };
		A9672A3B20FE89F400997DA1 /* Base */ = {isa = PBXFileReference; lastKnownFileType = file.storyboard; name = Base; path = Base.lproj/LaunchScreen.storyboard; sourceTree = "<group>"; };
		A9672A3D20FE89F400997DA1 /* Info.plist */ = {isa = PBXFileReference; lastKnownFileType = text.plist.xml; path = Info.plist; sourceTree = "<group>"; };
		A9672A4220FE89F400997DA1 /* 20180717-SD-NYCSchoolsTests.xctest */ = {isa = PBXFileReference; explicitFileType = wrapper.cfbundle; includeInIndex = 0; path = "20180717-SD-NYCSchoolsTests.xctest"; sourceTree = BUILT_PRODUCTS_DIR; };
		A9672A4620FE89F400997DA1 /* _0180717_SD_NYCSchoolsTests.swift */ = {isa = PBXFileReference; lastKnownFileType = sourcecode.swift; path = _0180717_SD_NYCSchoolsTests.swift; sourceTree = "<group>"; };
		A9672A4820FE89F400997DA1 /* Info.plist */ = {isa = PBXFileReference; lastKnownFileType = text.plist.xml; path = Info.plist; sourceTree = "<group>"; };
		A9672A4D20FE89F400997DA1 /* 20180717-SD-NYCSchoolsUITests.xctest */ = {isa = PBXFileReference; explicitFileType = wrapper.cfbundle; includeInIndex = 0; path = "20180717-SD-NYCSchoolsUITests.xctest"; sourceTree = BUILT_PRODUCTS_DIR; };
		A9672A5120FE89F400997DA1 /* _0180717_SD_NYCSchoolsUITests.swift */ = {isa = PBXFileReference; lastKnownFileType = sourcecode.swift; path = _0180717_SD_NYCSchoolsUITests.swift; sourceTree = "<group>"; };
		A9672A5320FE89F400997DA1 /* Info.plist */ = {isa = PBXFileReference; lastKnownFileType = text.plist.xml; path = Info.plist; sourceTree = "<group>"; };
/* End PBXFileReference section */

/* Begin PBXFrameworksBuildPhase section */
		A9672A2820FE89F200997DA1 /* Frameworks */ = {
			isa = PBXFrameworksBuildPhase;
			buildActionMask = 2147483647;
			files = (
			);
			runOnlyForDeploymentPostprocessing = 0;
		};
		A9672A3F20FE89F400997DA1 /* Frameworks */ = {
			isa = PBXFrameworksBuildPhase;
			buildActionMask = 2147483647;
			files = (
			);
			runOnlyForDeploymentPostprocessing = 0;
		};
		A9672A4A20FE89F400997DA1 /* Frameworks */ = {
			isa = PBXFrameworksBuildPhase;
			buildActionMask = 2147483647;
			files = (
			);
			runOnlyForDeploymentPostprocessing = 0;
		};
/* End PBXFrameworksBuildPhase section */

/* Begin PBXGroup section */
		A9672A2220FE89F200997DA1 = {
			isa = PBXGroup;
			children = (
				A9672A2D20FE89F200997DA1 /* 20180717-SD-NYCSchools */,
				A9672A4520FE89F400997DA1 /* 20180717-SD-NYCSchoolsTests */,
				A9672A5020FE89F400997DA1 /* 20180717-SD-NYCSchoolsUITests */,
				A9672A2C20FE89F200997DA1 /* Products */,
			);
			sourceTree = "<group>";
		};
		A9672A2C20FE89F200997DA1 /* Products */ = {
			isa = PBXGroup;
			children = (
				A9672A2B20FE89F200997DA1 /* 20180717-SD-NYCSchools.app */,
				A9672A4220FE89F400997DA1 /* 20180717-SD-NYCSchoolsTests.xctest */,
				A9672A4D20FE89F400997DA1 /* 20180717-SD-NYCSchoolsUITests.xctest */,
			);
			name = Products;
			sourceTree = "<group>";
		};
		A9672A2D20FE89F200997DA1 /* 20180717-SD-NYCSchools */ = {
			isa = PBXGroup;
			children = (
				A9672A2E20FE89F300997DA1 /* AppDelegate.swift */,
				A9672A3020FE89F300997DA1 /* ViewController.swift */,
				A9672A3220FE89F300997DA1 /* Main.storyboard */,
				A9672A3820FE89F400997DA1 /* Assets.xcassets */,
				A9672A3A20FE89F400997DA1 /* LaunchScreen.storyboard */,
				A9672A3D20FE89F400997DA1 /* Info.plist */,
				A9672A3520FE89F300997DA1 /* _0180717_SD_NYCSchools.xcdatamodeld */,
			);
			path = "20180717-SD-NYCSchools";
			sourceTree = "<group>";
		};
		A9672A4520FE89F400997DA1 /* 20180717-SD-NYCSchoolsTests */ = {
			isa = PBXGroup;
			children = (
				A9672A4620FE89F400997DA1 /* _0180717_SD_NYCSchoolsTests.swift */,
				A9672A4820FE89F400997DA1 /* Info.plist */,
			);
			path = "20180717-SD-NYCSchoolsTests";
			sourceTree = "<group>";
		};
		A9672A5020FE89F400997DA1 /* 20180717-SD-NYCSchoolsUITests */ = {
			isa = PBXGroup;
			children = (
				A9672A5120FE89F400997DA1 /* _0180717_SD_NYCSchoolsUITests.swift */,
				A9672A5320FE89F400997DA1 /* Info.plist */,
			);
			path = "20180717-SD-NYCSchoolsUITests";
			sourceTree = "<group>";
		};
/* End PBXGroup section */

/* Begin PBXNativeTarget section */
		A9672A2A20FE89F200997DA1 /* 20180717-SD-NYCSchools */ = {
			isa = PBXNativeTarget;
			buildConfigurationList = A9672A5620FE89F400997DA1 /* Build configuration list for PBXNativeTarget "20180717-SD-NYCSchools" */;
			buildPhases = (
				A9672A2720FE89F200997DA1 /* Sources */,
				A9672A2820FE89F200997DA1 /* Frameworks */,
				A9672A2920FE89F200997DA1 /* Resources */,
			);
			buildRules = (
			);
			dependencies = (
			);
			name = "20180717-SD-NYCSchools";
			productName = "20180717-SD-NYCSchools";
			productReference = A9672A2B20FE89F200997DA1 /* 20180717-SD-NYCSchools.app */;
			productType = "com.apple.product-type.application";
		};
		A9672A4120FE89F400997DA1 /* 20180717-SD-NYCSchoolsTests */ = {
			isa = PBXNativeTarget;
			buildConfigurationList = A9672A5920FE89F400997DA1 /* Build configuration list for PBXNativeTarget "20180717-SD-NYCSchoolsTests" */;
			buildPhases = (
				A9672A3E20FE89F400997DA1 /* Sources */,
				A9672A3F20FE89F400997DA1 /* Frameworks */,
				A9672A4020FE89F400997DA1 /* Resources */,
			);
			buildRules = (
			);
			dependencies = (
				A9672A4420FE89F400997DA1 /* PBXTargetDependency */,
			);
			name = "20180717-SD-NYCSchoolsTests";
			productName = "20180717-SD-NYCSchoolsTests";
			productReference = A9672A4220FE89F400997DA1 /* 20180717-SD-NYCSchoolsTests.xctest */;
			productType = "com.apple.product-type.bundle.unit-test";
		};
		A9672A4C20FE89F400997DA1 /* 20180717-SD-NYCSchoolsUITests */ = {
			isa = PBXNativeTarget;
			buildConfigurationList = A9672A5C20FE89F400997DA1 /* Build configuration list for PBXNativeTarget "20180717-SD-NYCSchoolsUITests" */;
			buildPhases = (
				A9672A4920FE89F400997DA1 /* Sources */,
				A9672A4A20FE89F400997DA1 /* Frameworks */,
				A9672A4B20FE89F400997DA1 /* Resources */,
			);
			buildRules = (
			);
			dependencies = (
				A9672A4F20FE89F400997DA1 /* PBXTargetDependency */,
			);
			name = "20180717-SD-NYCSchoolsUITests";
			productName = "20180717-SD-NYCSchoolsUITests";
			productReference = A9672A4D20FE89F400997DA1 /* 20180717-SD-NYCSchoolsUITests.xctest */;
			productType = "com.apple.product-type.bundle.ui-testing";
		};
/* End PBXNativeTarget section */

/* Begin PBXProject section */
		A9672A2320FE89F200997DA1 /* Project object */ = {
			isa = PBXProject;
			attributes = {
				LastSwiftUpdateCheck = 0940;
				LastUpgradeCheck = 0940;
				ORGANIZATIONNAME = "Sean Donato";
				TargetAttributes = {
					A9672A2A20FE89F200997DA1 = {
						CreatedOnToolsVersion = 9.4.1;
					};
					A9672A4120FE89F400997DA1 = {
						CreatedOnToolsVersion = 9.4.1;
						TestTargetID = A9672A2A20FE89F200997DA1;
					};
					A9672A4C20FE89F400997DA1 = {
						CreatedOnToolsVersion = 9.4.1;
						TestTargetID = A9672A2A20FE89F200997DA1;
					};
				};
			};
			buildConfigurationList = A9672A2620FE89F200997DA1 /* Build configuration list for PBXProject "20180717-SD-NYCSchools" */;
			compatibilityVersion = "Xcode 9.3";
			developmentRegion = en;
			hasScannedForEncodings = 0;
			knownRegions = (
				en,
				Base,
			);
			mainGroup = A9672A2220FE89F200997DA1;
			productRefGroup = A9672A2C20FE89F200997DA1 /* Products */;
			projectDirPath = "";
			projectRoot = "";
			targets = (
				A9672A2A20FE89F200997DA1 /* 20180717-SD-NYCSchools */,
				A9672A4120FE89F400997DA1 /* 20180717-SD-NYCSchoolsTests */,
				A9672A4C20FE89F400997DA1 /* 20180717-SD-NYCSchoolsUITests */,
			);
		};
/* End PBXProject section */

/* Begin PBXResourcesBuildPhase section */
		A9672A2920FE89F200997DA1 /* Resources */ = {
			isa = PBXResourcesBuildPhase;
			buildActionMask = 2147483647;
			files = (
				A9672A3C20FE89F400997DA1 /* LaunchScreen.storyboard in Resources */,
				A9672A3920FE89F400997DA1 /* Assets.xcassets in Resources */,
				A9672A3420FE89F300997DA1 /* Main.storyboard in Resources */,
			);
			runOnlyForDeploymentPostprocessing = 0;
		};
		A9672A4020FE89F400997DA1 /* Resources */ = {
			isa = PBXResourcesBuildPhase;
			buildActionMask = 2147483647;
			files = (
			);
			runOnlyForDeploymentPostprocessing = 0;
		};
		A9672A4B20FE89F400997DA1 /* Resources */ = {
			isa = PBXResourcesBuildPhase;
			buildActionMask = 2147483647;
			files = (
			);
			runOnlyForDeploymentPostprocessing = 0;
		};
/* End PBXResourcesBuildPhase section */

/* Begin PBXSourcesBuildPhase section */
		A9672A2720FE89F200997DA1 /* Sources */ = {
			isa = PBXSourcesBuildPhase;
			buildActionMask = 2147483647;
			files = (
				A9672A3720FE89F300997DA1 /* _0180717_SD_NYCSchools.xcdatamodeld in Sources */,
				A9672A3120FE89F300997DA1 /* ViewController.swift in Sources */,
				A9672A2F20FE89F300997DA1 /* AppDelegate.swift in Sources */,
			);
			runOnlyForDeploymentPostprocessing = 0;
		};
		A9672A3E20FE89F400997DA1 /* Sources */ = {
			isa = PBXSourcesBuildPhase;
			buildActionMask = 2147483647;
			files = (
				A9672A4720FE89F400997DA1 /* _0180717_SD_NYCSchoolsTests.swift in Sources */,
			);
			runOnlyForDeploymentPostprocessing = 0;
		};
		A9672A4920FE89F400997DA1 /* Sources */ = {
			isa = PBXSourcesBuildPhase;
			buildActionMask = 2147483647;
			files = (
				A9672A5220FE89F400997DA1 /* _0180717_SD_NYCSchoolsUITests.swift in Sources */,
			);
			runOnlyForDeploymentPostprocessing = 0;
		};
/* End PBXSourcesBuildPhase section */

/* Begin PBXTargetDependency section */
		A9672A4420FE89F400997DA1 /* PBXTargetDependency */ = {
			isa = PBXTargetDependency;
			target = A9672A2A20FE89F200997DA1 /* 20180717-SD-NYCSchools */;
			targetProxy = A9672A4320FE89F400997DA1 /* PBXContainerItemProxy */;
		};
		A9672A4F20FE89F400997DA1 /* PBXTargetDependency */ = {
			isa = PBXTargetDependency;
			target = A9672A2A20FE89F200997DA1 /* 20180717-SD-NYCSchools */;
			targetProxy = A9672A4E20FE89F400997DA1 /* PBXContainerItemProxy */;
		};
/* End PBXTargetDependency section */

/* Begin PBXVariantGroup section */
		A9672A3220FE89F300997DA1 /* Main.storyboard */ = {
			isa = PBXVariantGroup;
			children = (
				A9672A3320FE89F300997DA1 /* Base */,
			);
			name = Main.storyboard;
			sourceTree = "<group>";
		};
		A9672A3A20FE89F400997DA1 /* LaunchScreen.storyboard */ = {
			isa = PBXVariantGroup;
			children = (
				A9672A3B20FE89F400997DA1 /* Base */,
			);
			name = LaunchScreen.storyboard;
			sourceTree = "<group>";
		};
/* End PBXVariantGroup section */

/* Begin XCBuildConfiguration section */
		A9672A5420FE89F400997DA1 /* Debug */ = {
			isa = XCBuildConfiguration;
			buildSettings = {
				ALWAYS_SEARCH_USER_PATHS = NO;
				CLANG_ANALYZER_NONNULL = YES;
				CLANG_ANALYZER_NUMBER_OBJECT_CONVERSION = YES_AGGRESSIVE;
				CLANG_CXX_LANGUAGE_STANDARD = "gnu++14";
				CLANG_CXX_LIBRARY = "libc++";
				CLANG_ENABLE_MODULES = YES;
				CLANG_ENABLE_OBJC_ARC = YES;
				CLANG_ENABLE_OBJC_WEAK = YES;
				CLANG_WARN_BLOCK_CAPTURE_AUTORELEASING = YES;
				CLANG_WARN_BOOL_CONVERSION = YES;
				CLANG_WARN_COMMA = YES;
				CLANG_WARN_CONSTANT_CONVERSION = YES;
				CLANG_WARN_DEPRECATED_OBJC_IMPLEMENTATIONS = YES;
				CLANG_WARN_DIRECT_OBJC_ISA_USAGE = YES_ERROR;
				CLANG_WARN_DOCUMENTATION_COMMENTS = YES;
				CLANG_WARN_EMPTY_BODY = YES;
				CLANG_WARN_ENUM_CONVERSION = YES;
				CLANG_WARN_INFINITE_RECURSION = YES;
				CLANG_WARN_INT_CONVERSION = YES;
				CLANG_WARN_NON_LITERAL_NULL_CONVERSION = YES;
				CLANG_WARN_OBJC_IMPLICIT_RETAIN_SELF = YES;
				CLANG_WARN_OBJC_LITERAL_CONVERSION = YES;
				CLANG_WARN_OBJC_ROOT_CLASS = YES_ERROR;
				CLANG_WARN_RANGE_LOOP_ANALYSIS = YES;
				CLANG_WARN_STRICT_PROTOTYPES = YES;
				CLANG_WARN_SUSPICIOUS_MOVE = YES;
				CLANG_WARN_UNGUARDED_AVAILABILITY = YES_AGGRESSIVE;
				CLANG_WARN_UNREACHABLE_CODE = YES;
				CLANG_WARN__DUPLICATE_METHOD_MATCH = YES;
				CODE_SIGN_IDENTITY = "iPhone Developer";
				COPY_PHASE_STRIP = NO;
				DEBUG_INFORMATION_FORMAT = dwarf;
				ENABLE_STRICT_OBJC_MSGSEND = YES;
				ENABLE_TESTABILITY = YES;
				GCC_C_LANGUAGE_STANDARD = gnu11;
				GCC_DYNAMIC_NO_PIC = NO;
				GCC_NO_COMMON_BLOCKS = YES;
				GCC_OPTIMIZATION_LEVEL = 0;
				GCC_PREPROCESSOR_DEFINITIONS = (
					"DEBUG=1",
					"$(inherited)",
				);
				GCC_WARN_64_TO_32_BIT_CONVERSION = YES;
				GCC_WARN_ABOUT_RETURN_TYPE = YES_ERROR;
				GCC_WARN_UNDECLARED_SELECTOR = YES;
				GCC_WARN_UNINITIALIZED_AUTOS = YES_AGGRESSIVE;
				GCC_WARN_UNUSED_FUNCTION = YES;
				GCC_WARN_UNUSED_VARIABLE = YES;
				IPHONEOS_DEPLOYMENT_TARGET = 11.4;
				MTL_ENABLE_DEBUG_INFO = YES;
				ONLY_ACTIVE_ARCH = YES;
				SDKROOT = iphoneos;
				SWIFT_ACTIVE_COMPILATION_CONDITIONS = DEBUG;
				SWIFT_OPTIMIZATION_LEVEL = "-Onone";
			};
			name = Debug;
		};
		A9672A5520FE89F400997DA1 /* Release */ = {
			isa = XCBuildConfiguration;
			buildSettings = {
				ALWAYS_SEARCH_USER_PATHS = NO;
				CLANG_ANALYZER_NONNULL = YES;
				CLANG_ANALYZER_NUMBER_OBJECT_CONVERSION = YES_AGGRESSIVE;
				CLANG_CXX_LANGUAGE_STANDARD = "gnu++14";
				CLANG_CXX_LIBRARY = "libc++";
				CLANG_ENABLE_MODULES = YES;
				CLANG_ENABLE_OBJC_ARC = YES;
				CLANG_ENABLE_OBJC_WEAK = YES;
				CLANG_WARN_BLOCK_CAPTURE_AUTORELEASING = YES;
				CLANG_WARN_BOOL_CONVERSION = YES;
				CLANG_WARN_COMMA = YES;
				CLANG_WARN_CONSTANT_CONVERSION = YES;
				CLANG_WARN_DEPRECATED_OBJC_IMPLEMENTATIONS = YES;
				CLANG_WARN_DIRECT_OBJC_ISA_USAGE = YES_ERROR;
				CLANG_WARN_DOCUMENTATION_COMMENTS = YES;
				CLANG_WARN_EMPTY_BODY = YES;
				CLANG_WARN_ENUM_CONVERSION = YES;
				CLANG_WARN_INFINITE_RECURSION = YES;
				CLANG_WARN_INT_CONVERSION = YES;
				CLANG_WARN_NON_LITERAL_NULL_CONVERSION = YES;
				CLANG_WARN_OBJC_IMPLICIT_RETAIN_SELF = YES;
				CLANG_WARN_OBJC_LITERAL_CONVERSION = YES;
				CLANG_WARN_OBJC_ROOT_CLASS = YES_ERROR;
				CLANG_WARN_RANGE_LOOP_ANALYSIS = YES;
				CLANG_WARN_STRICT_PROTOTYPES = YES;
				CLANG_WARN_SUSPICIOUS_MOVE = YES;
				CLANG_WARN_UNGUARDED_AVAILABILITY = YES_AGGRESSIVE;
				CLANG_WARN_UNREACHABLE_CODE = YES;
				CLANG_WARN__DUPLICATE_METHOD_MATCH = YES;
				CODE_SIGN_IDENTITY = "iPhone Developer";
				COPY_PHASE_STRIP = NO;
				DEBUG_INFORMATION_FORMAT = "dwarf-with-dsym";
				ENABLE_NS_ASSERTIONS = NO;
				ENABLE_STRICT_OBJC_MSGSEND = YES;
				GCC_C_LANGUAGE_STANDARD = gnu11;
				GCC_NO_COMMON_BLOCKS = YES;
				GCC_WARN_64_TO_32_BIT_CONVERSION = YES;
				GCC_WARN_ABOUT_RETURN_TYPE = YES_ERROR;
				GCC_WARN_UNDECLARED_SELECTOR = YES;
				GCC_WARN_UNINITIALIZED_AUTOS = YES_AGGRESSIVE;
				GCC_WARN_UNUSED_FUNCTION = YES;
				GCC_WARN_UNUSED_VARIABLE = YES;
				IPHONEOS_DEPLOYMENT_TARGET = 11.4;
				MTL_ENABLE_DEBUG_INFO = NO;
				SDKROOT = iphoneos;
				SWIFT_COMPILATION_MODE = wholemodule;
				SWIFT_OPTIMIZATION_LEVEL = "-O";
				VALIDATE_PRODUCT = YES;
			};
			name = Release;
		};
		A9672A5720FE89F400997DA1 /* Debug */ = {
			isa = XCBuildConfiguration;
			buildSettings = {
				ASSETCATALOG_COMPILER_APPICON_NAME = AppIcon;
				CODE_SIGN_STYLE = Automatic;
				DEVELOPMENT_TEAM = 25PH49W475;
				INFOPLIST_FILE = "20180717-SD-NYCSchools/Info.plist";
				LD_RUNPATH_SEARCH_PATHS = (
					"$(inherited)",
					"@executable_path/Frameworks",
				);
				PRODUCT_BUNDLE_IDENTIFIER = "SD.-0180717-SD-NYCSchools";
				PRODUCT_NAME = "$(TARGET_NAME)";
				SWIFT_VERSION = 4.0;
				TARGETED_DEVICE_FAMILY = "1,2";
			};
			name = Debug;
		};
		A9672A5820FE89F400997DA1 /* Release */ = {
			isa = XCBuildConfiguration;
			buildSettings = {
				ASSETCATALOG_COMPILER_APPICON_NAME = AppIcon;
				CODE_SIGN_STYLE = Automatic;
				DEVELOPMENT_TEAM = 25PH49W475;
				INFOPLIST_FILE = "20180717-SD-NYCSchools/Info.plist";
				LD_RUNPATH_SEARCH_PATHS = (
					"$(inherited)",
					"@executable_path/Frameworks",
				);
				PRODUCT_BUNDLE_IDENTIFIER = "SD.-0180717-SD-NYCSchools";
				PRODUCT_NAME = "$(TARGET_NAME)";
				SWIFT_VERSION = 4.0;
				TARGETED_DEVICE_FAMILY = "1,2";
			};
			name = Release;
		};
		A9672A5A20FE89F400997DA1 /* Debug */ = {
			isa = XCBuildConfiguration;
			buildSettings = {
				ALWAYS_EMBED_SWIFT_STANDARD_LIBRARIES = YES;
				BUNDLE_LOADER = "$(TEST_HOST)";
				CODE_SIGN_STYLE = Automatic;
				DEVELOPMENT_TEAM = 25PH49W475;
				INFOPLIST_FILE = "20180717-SD-NYCSchoolsTests/Info.plist";
				LD_RUNPATH_SEARCH_PATHS = (
					"$(inherited)",
					"@executable_path/Frameworks",
					"@loader_path/Frameworks",
				);
				PRODUCT_BUNDLE_IDENTIFIER = "SD.-0180717-SD-NYCSchoolsTests";
				PRODUCT_NAME = "$(TARGET_NAME)";
				SWIFT_VERSION = 4.0;
				TARGETED_DEVICE_FAMILY = "1,2";
				TEST_HOST = "$(BUILT_PRODUCTS_DIR)/20180717-SD-NYCSchools.app/20180717-SD-NYCSchools";
			};
			name = Debug;
		};
		A9672A5B20FE89F400997DA1 /* Release */ = {
			isa = XCBuildConfiguration;
			buildSettings = {
				ALWAYS_EMBED_SWIFT_STANDARD_LIBRARIES = YES;
				BUNDLE_LOADER = "$(TEST_HOST)";
				CODE_SIGN_STYLE = Automatic;
				DEVELOPMENT_TEAM = 25PH49W475;
				INFOPLIST_FILE = "20180717-SD-NYCSchoolsTests/Info.plist";
				LD_RUNPATH_SEARCH_PATHS = (
					"$(inherited)",
					"@executable_path/Frameworks",
					"@loader_path/Frameworks",
				);
				PRODUCT_BUNDLE_IDENTIFIER = "SD.-0180717-SD-NYCSchoolsTests";
				PRODUCT_NAME = "$(TARGET_NAME)";
				SWIFT_VERSION = 4.0;
				TARGETED_DEVICE_FAMILY = "1,2";
				TEST_HOST = "$(BUILT_PRODUCTS_DIR)/20180717-SD-NYCSchools.app/20180717-SD-NYCSchools";
			};
			name = Release;
		};
		A9672A5D20FE89F400997DA1 /* Debug */ = {
			isa = XCBuildConfiguration;
			buildSettings = {
				ALWAYS_EMBED_SWIFT_STANDARD_LIBRARIES = YES;
				CODE_SIGN_STYLE = Automatic;
				DEVELOPMENT_TEAM = 25PH49W475;
				INFOPLIST_FILE = "20180717-SD-NYCSchoolsUITests/Info.plist";
				LD_RUNPATH_SEARCH_PATHS = (
					"$(inherited)",
					"@executable_path/Frameworks",
					"@loader_path/Frameworks",
				);
				PRODUCT_BUNDLE_IDENTIFIER = "SD.-0180717-SD-NYCSchoolsUITests";
				PRODUCT_NAME = "$(TARGET_NAME)";
				SWIFT_VERSION = 4.0;
				TARGETED_DEVICE_FAMILY = "1,2";
				TEST_TARGET_NAME = "20180717-SD-NYCSchools";
			};
			name = Debug;
		};
		A9672A5E20FE89F400997DA1 /* Release */ = {
			isa = XCBuildConfiguration;
			buildSettings = {
				ALWAYS_EMBED_SWIFT_STANDARD_LIBRARIES = YES;
				CODE_SIGN_STYLE = Automatic;
				DEVELOPMENT_TEAM = 25PH49W475;
				INFOPLIST_FILE = "20180717-SD-NYCSchoolsUITests/Info.plist";
				LD_RUNPATH_SEARCH_PATHS = (
					"$(inherited)",
					"@executable_path/Frameworks",
					"@loader_path/Frameworks",
				);
				PRODUCT_BUNDLE_IDENTIFIER = "SD.-0180717-SD-NYCSchoolsUITests";
				PRODUCT_NAME = "$(TARGET_NAME)";
				SWIFT_VERSION = 4.0;
				TARGETED_DEVICE_FAMILY = "1,2";
				TEST_TARGET_NAME = "20180717-SD-NYCSchools";
			};
			name = Release;
		};
/* End XCBuildConfiguration section */

/* Begin XCConfigurationList section */
		A9672A2620FE89F200997DA1 /* Build configuration list for PBXProject "20180717-SD-NYCSchools" */ = {
			isa = XCConfigurationList;
			buildConfigurations = (
				A9672A5420FE89F400997DA1 /* Debug */,
				A9672A5520FE89F400997DA1 /* Release */,
			);
			defaultConfigurationIsVisible = 0;
			defaultConfigurationName = Release;
		};
		A9672A5620FE89F400997DA1 /* Build configuration list for PBXNativeTarget "20180717-SD-NYCSchools" */ = {
			isa = XCConfigurationList;
			buildConfigurations = (
				A9672A5720FE89F400997DA1 /* Debug */,
				A9672A5820FE89F400997DA1 /* Release */,
			);
			defaultConfigurationIsVisible = 0;
			defaultConfigurationName = Release;
		};
		A9672A5920FE89F400997DA1 /* Build configuration list for PBXNativeTarget "20180717-SD-NYCSchoolsTests" */ = {
			isa = XCConfigurationList;
			buildConfigurations = (
				A9672A5A20FE89F400997DA1 /* Debug */,
				A9672A5B20FE89F400997DA1 /* Release */,
			);
			defaultConfigurationIsVisible = 0;
			defaultConfigurationName = Release;
		};
		A9672A5C20FE89F400997DA1 /* Build configuration list for PBXNativeTarget "20180717-SD-NYCSchoolsUITests" */ = {
			isa = XCConfigurationList;
			buildConfigurations = (
				A9672A5D20FE89F400997DA1 /* Debug */,
				A9672A5E20FE89F400997DA1 /* Release */,
			);
			defaultConfigurationIsVisible = 0;
			defaultConfigurationName = Release;
		};
/* End XCConfigurationList section */

/* Begin XCVersionGroup section */
		A9672A3520FE89F300997DA1 /* _0180717_SD_NYCSchools.xcdatamodeld */ = {
			isa = XCVersionGroup;
			children = (
				A9672A3620FE89F300997DA1 /* _0180717_SD_NYCSchools.xcdatamodel */,
			);
			currentVersion = A9672A3620FE89F300997DA1 /* _0180717_SD_NYCSchools.xcdatamodel */;
			path = _0180717_SD_NYCSchools.xcdatamodeld;
			sourceTree = "<group>";
			versionGroupType = wrapper.xcdatamodel;
		};
/* End XCVersionGroup section */
	};
	rootObject = A9672A2320FE89F200997DA1 /* Project object */;
}
